
Microsoft Visual Studio Solution File, Format Version 12.00
# Visual Studio Version 17
VisualStudioVersion = 17.3.32929.385
MinimumVisualStudioVersion = 10.0.40219.1
Project("{FAE04EC0-301F-11D3-BF4B-00C04F79EFBC}") = "Ex002", "Ex002\Ex002.csproj", "{FDDEA283-C697-4C87-9AF9-14DF4727340B}"
EndProject
Global
	GlobalSection(SolutionConfigurationPlatforms) = preSolution
		Debug|Any CPU = Debug|Any CPU
		Release|Any CPU = Release|Any CPU
	EndGlobalSection
	GlobalSection(ProjectConfigurationPlatforms) = postSolution
		{FDDEA283-C697-4C87-9AF9-14DF4727340B}.Debug|Any CPU.ActiveCfg = Debug|Any CPU
		{FDDEA283-C697-4C87-9AF9-14DF4727340B}.Debug|Any CPU.Build.0 = Debug|Any CPU
		{FDDEA283-C697-4C87-9AF9-14DF4727340B}.Release|Any CPU.ActiveCfg = Release|Any CPU
		{FDDEA283-C697-4C87-9AF9-14DF4727340B}.Release|Any CPU.Build.0 = Release|Any CPU
	EndGlobalSection
	GlobalSection(SolutionProperties) = preSolution
		HideSolutionNode = FALSE
	EndGlobalSection
	GlobalSection(ExtensibilityGlobals) = postSolution
		SolutionGuid = {D015CA61-891B-468E-AD7E-39D9A3264481}
	EndGlobalSection
EndGlobal
